
Microsoft Visual Studio Solution File, Format Version 12.00
Project("{FAE04EC0-301F-11D3-BF4B-00C04F79EFBC}") = "P1_ClassesAndObjects", "P1_ClassesAndObjects\P1_ClassesAndObjects.csproj", "{61A52B67-5A97-4684-83FB-F8BD9A516AA6}"
EndProject
Project("{FAE04EC0-301F-11D3-BF4B-00C04F79EFBC}") = "P2Fields", "P2Fields\P2Fields.csproj", "{56105A1D-CB66-42A2-A18D-54B701723681}"
EndProject
Project("{FAE04EC0-301F-11D3-BF4B-00C04F79EFBC}") = "P2_1PlayerGold", "P2_1PlayerGold\P2_1PlayerGold.csproj", "{8FD86970-1DAD-4553-92D3-FD49F967A4D6}"
EndProject
Project("{FAE04EC0-301F-11D3-BF4B-00C04F79EFBC}") = "P2_2ItemValues", "P2_2ItemValues\P2_2ItemValues.csproj", "{FF5E4489-EF98-4945-B73A-705FDF0AFAA0}"
EndProject
Global
	GlobalSection(SolutionConfigurationPlatforms) = preSolution
		Debug|Any CPU = Debug|Any CPU
		Release|Any CPU = Release|Any CPU
	EndGlobalSection
	GlobalSection(ProjectConfigurationPlatforms) = postSolution
		{61A52B67-5A97-4684-83FB-F8BD9A516AA6}.Debug|Any CPU.ActiveCfg = Debug|Any CPU
		{61A52B67-5A97-4684-83FB-F8BD9A516AA6}.Debug|Any CPU.Build.0 = Debug|Any CPU
		{61A52B67-5A97-4684-83FB-F8BD9A516AA6}.Release|Any CPU.ActiveCfg = Release|Any CPU
		{61A52B67-5A97-4684-83FB-F8BD9A516AA6}.Release|Any CPU.Build.0 = Release|Any CPU
		{56105A1D-CB66-42A2-A18D-54B701723681}.Debug|Any CPU.ActiveCfg = Debug|Any CPU
		{56105A1D-CB66-42A2-A18D-54B701723681}.Debug|Any CPU.Build.0 = Debug|Any CPU
		{56105A1D-CB66-42A2-A18D-54B701723681}.Release|Any CPU.ActiveCfg = Release|Any CPU
		{56105A1D-CB66-42A2-A18D-54B701723681}.Release|Any CPU.Build.0 = Release|Any CPU
		{8FD86970-1DAD-4553-92D3-FD49F967A4D6}.Debug|Any CPU.ActiveCfg = Debug|Any CPU
		{8FD86970-1DAD-4553-92D3-FD49F967A4D6}.Debug|Any CPU.Build.0 = Debug|Any CPU
		{8FD86970-1DAD-4553-92D3-FD49F967A4D6}.Release|Any CPU.ActiveCfg = Release|Any CPU
		{8FD86970-1DAD-4553-92D3-FD49F967A4D6}.Release|Any CPU.Build.0 = Release|Any CPU
		{FF5E4489-EF98-4945-B73A-705FDF0AFAA0}.Debug|Any CPU.ActiveCfg = Debug|Any CPU
		{FF5E4489-EF98-4945-B73A-705FDF0AFAA0}.Debug|Any CPU.Build.0 = Debug|Any CPU
		{FF5E4489-EF98-4945-B73A-705FDF0AFAA0}.Release|Any CPU.ActiveCfg = Release|Any CPU
		{FF5E4489-EF98-4945-B73A-705FDF0AFAA0}.Release|Any CPU.Build.0 = Release|Any CPU
	EndGlobalSection
EndGlobal
