
Microsoft Visual Studio Solution File, Format Version 12.00
Project("{FAE04EC0-301F-11D3-BF4B-00C04F79EFBC}") = "P1_ClassesAndObjects", "P1_ClassesAndObjects\P1_ClassesAndObjects.csproj", "{61A52B67-5A97-4684-83FB-F8BD9A516AA6}"
EndProject
Global
	GlobalSection(SolutionConfigurationPlatforms) = preSolution
		Debug|Any CPU = Debug|Any CPU
		Release|Any CPU = Release|Any CPU
	EndGlobalSection
	GlobalSection(ProjectConfigurationPlatforms) = postSolution
		{61A52B67-5A97-4684-83FB-F8BD9A516AA6}.Debug|Any CPU.ActiveCfg = Debug|Any CPU
		{61A52B67-5A97-4684-83FB-F8BD9A516AA6}.Debug|Any CPU.Build.0 = Debug|Any CPU
		{61A52B67-5A97-4684-83FB-F8BD9A516AA6}.Release|Any CPU.ActiveCfg = Release|Any CPU
		{61A52B67-5A97-4684-83FB-F8BD9A516AA6}.Release|Any CPU.Build.0 = Release|Any CPU
	EndGlobalSection
EndGlobal
